// !$*UTF8*$!
{
	archiveVersion = 1;
	classes = {
	};
	objectVersion = 50;
	objects = {

/* Begin PBXBuildFile section */
		EF80A78A210F2F55002C6F3F /* Cocoa.framework in Frameworks */ = {isa = PBXBuildFile; fileRef = EF80A789210F2F55002C6F3F /* Cocoa.framework */; };
		EF80A78D210F2F55002C6F3F /* SafariExtensionHandler.swift in Sources */ = {isa = PBXBuildFile; fileRef = EF80A78C210F2F55002C6F3F /* SafariExtensionHandler.swift */; };
		EF80A78F210F2F55002C6F3F /* SafariExtensionViewController.swift in Sources */ = {isa = PBXBuildFile; fileRef = EF80A78E210F2F55002C6F3F /* SafariExtensionViewController.swift */; };
		EF80A792210F2F55002C6F3F /* SafariExtensionViewController.xib in Resources */ = {isa = PBXBuildFile; fileRef = EF80A790210F2F55002C6F3F /* SafariExtensionViewController.xib */; };
		EF80A797210F2F55002C6F3F /* ToolbarItemIcon.pdf in Resources */ = {isa = PBXBuildFile; fileRef = EF80A796210F2F55002C6F3F /* ToolbarItemIcon.pdf */; };
		EF80A79B210F2F55002C6F3F /* Appex.appex in Embed App Extensions */ = {isa = PBXBuildFile; fileRef = EF80A787210F2F55002C6F3F /* Appex.appex */; settings = {ATTRIBUTES = (RemoveHeadersOnCopy, ); }; };
		EFA1C7E5210F3BE0008AC6BD /* Topee.framework in Frameworks */ = {isa = PBXBuildFile; fileRef = EFA1C7E4210F3BE0008AC6BD /* Topee.framework */; };
		EFB6939A211037BF00F402FC /* MainMenu.xib in Resources */ = {isa = PBXBuildFile; fileRef = EFB6938E211037BE00F402FC /* MainMenu.xib */; };
		EFB6939C211037BF00F402FC /* Assets.xcassets in Resources */ = {isa = PBXBuildFile; fileRef = EFB69392211037BE00F402FC /* Assets.xcassets */; };
		EFB6939D211037BF00F402FC /* AppDelegate.swift in Sources */ = {isa = PBXBuildFile; fileRef = EFB69393211037BE00F402FC /* AppDelegate.swift */; };
		EFB6939E211038CC00F402FC /* DemoTests.swift in Sources */ = {isa = PBXBuildFile; fileRef = EFB69388211037BE00F402FC /* DemoTests.swift */; };
		FD66CF8521105A73003E0819 /* content.js in Resources */ = {isa = PBXBuildFile; fileRef = FD66CF8421105A73003E0819 /* content.js */; };
/* End PBXBuildFile section */

/* Begin PBXContainerItemProxy section */
		EF80A737210F281F002C6F3F /* PBXContainerItemProxy */ = {
			isa = PBXContainerItemProxy;
			containerPortal = EF80A71E210F281D002C6F3F /* Project object */;
			proxyType = 1;
			remoteGlobalIDString = EF80A725210F281D002C6F3F;
			remoteInfo = Demo;
		};
		EF80A799210F2F55002C6F3F /* PBXContainerItemProxy */ = {
			isa = PBXContainerItemProxy;
			containerPortal = EF80A71E210F281D002C6F3F /* Project object */;
			proxyType = 1;
			remoteGlobalIDString = EF80A786210F2F55002C6F3F;
			remoteInfo = Appex;
		};
/* End PBXContainerItemProxy section */

/* Begin PBXCopyFilesBuildPhase section */
		EF80A79F210F2F55002C6F3F /* Embed App Extensions */ = {
			isa = PBXCopyFilesBuildPhase;
			buildActionMask = 2147483647;
			dstPath = "";
			dstSubfolderSpec = 13;
			files = (
				EF80A79B210F2F55002C6F3F /* Appex.appex in Embed App Extensions */,
			);
			name = "Embed App Extensions";
			runOnlyForDeploymentPostprocessing = 0;
		};
/* End PBXCopyFilesBuildPhase section */

/* Begin PBXFileReference section */
		EF80A726210F281D002C6F3F /* Demo.app */ = {isa = PBXFileReference; explicitFileType = wrapper.application; includeInIndex = 0; path = Demo.app; sourceTree = BUILT_PRODUCTS_DIR; };
		EF80A736210F281F002C6F3F /* DemoTests.xctest */ = {isa = PBXFileReference; explicitFileType = wrapper.cfbundle; includeInIndex = 0; path = DemoTests.xctest; sourceTree = BUILT_PRODUCTS_DIR; };
		EF80A787210F2F55002C6F3F /* Appex.appex */ = {isa = PBXFileReference; explicitFileType = "wrapper.app-extension"; includeInIndex = 0; path = Appex.appex; sourceTree = BUILT_PRODUCTS_DIR; };
		EF80A789210F2F55002C6F3F /* Cocoa.framework */ = {isa = PBXFileReference; lastKnownFileType = wrapper.framework; name = Cocoa.framework; path = System/Library/Frameworks/Cocoa.framework; sourceTree = SDKROOT; };
		EF80A78C210F2F55002C6F3F /* SafariExtensionHandler.swift */ = {isa = PBXFileReference; lastKnownFileType = sourcecode.swift; path = SafariExtensionHandler.swift; sourceTree = "<group>"; };
		EF80A78E210F2F55002C6F3F /* SafariExtensionViewController.swift */ = {isa = PBXFileReference; lastKnownFileType = sourcecode.swift; path = SafariExtensionViewController.swift; sourceTree = "<group>"; };
		EF80A791210F2F55002C6F3F /* Base */ = {isa = PBXFileReference; lastKnownFileType = file.xib; name = Base; path = Base.lproj/SafariExtensionViewController.xib; sourceTree = "<group>"; };
		EF80A793210F2F55002C6F3F /* Info.plist */ = {isa = PBXFileReference; lastKnownFileType = text.plist.xml; path = Info.plist; sourceTree = "<group>"; };
		EF80A796210F2F55002C6F3F /* ToolbarItemIcon.pdf */ = {isa = PBXFileReference; lastKnownFileType = image.pdf; path = ToolbarItemIcon.pdf; sourceTree = "<group>"; };
		EF80A798210F2F55002C6F3F /* Appex.entitlements */ = {isa = PBXFileReference; lastKnownFileType = text.plist.entitlements; path = Appex.entitlements; sourceTree = "<group>"; };
		EF80A7A4210F3259002C6F3F /* Common.xcconfig */ = {isa = PBXFileReference; fileEncoding = 4; lastKnownFileType = text.xcconfig; path = Common.xcconfig; sourceTree = "<group>"; };
		EF80A7A5210F3259002C6F3F /* Release.xcconfig */ = {isa = PBXFileReference; fileEncoding = 4; lastKnownFileType = text.xcconfig; path = Release.xcconfig; sourceTree = "<group>"; };
		EF80A7A6210F3259002C6F3F /* Debug.xcconfig */ = {isa = PBXFileReference; fileEncoding = 4; lastKnownFileType = text.xcconfig; path = Debug.xcconfig; sourceTree = "<group>"; };
		EFA1C7E4210F3BE0008AC6BD /* Topee.framework */ = {isa = PBXFileReference; explicitFileType = wrapper.framework; path = Topee.framework; sourceTree = BUILT_PRODUCTS_DIR; };
		EFB69383211037BE00F402FC /* Common.xcconfig */ = {isa = PBXFileReference; fileEncoding = 4; lastKnownFileType = text.xcconfig; path = Common.xcconfig; sourceTree = "<group>"; };
		EFB69384211037BE00F402FC /* Debug.xcconfig */ = {isa = PBXFileReference; fileEncoding = 4; lastKnownFileType = text.xcconfig; path = Debug.xcconfig; sourceTree = "<group>"; };
		EFB69385211037BE00F402FC /* Release.xcconfig */ = {isa = PBXFileReference; fileEncoding = 4; lastKnownFileType = text.xcconfig; path = Release.xcconfig; sourceTree = "<group>"; };
		EFB69386211037BE00F402FC /* Tests.xcconfig */ = {isa = PBXFileReference; fileEncoding = 4; lastKnownFileType = text.xcconfig; path = Tests.xcconfig; sourceTree = "<group>"; };
		EFB69388211037BE00F402FC /* DemoTests.swift */ = {isa = PBXFileReference; fileEncoding = 4; lastKnownFileType = sourcecode.swift; path = DemoTests.swift; sourceTree = "<group>"; };
		EFB6938B211037BE00F402FC /* Info.plist */ = {isa = PBXFileReference; fileEncoding = 4; lastKnownFileType = text.plist.xml; path = Info.plist; sourceTree = "<group>"; };
		EFB6938D211037BE00F402FC /* Demo.entitlements */ = {isa = PBXFileReference; fileEncoding = 4; lastKnownFileType = text.plist.entitlements; path = Demo.entitlements; sourceTree = "<group>"; };
		EFB6938F211037BE00F402FC /* Base */ = {isa = PBXFileReference; lastKnownFileType = file.xib; name = Base; path = Base.lproj/MainMenu.xib; sourceTree = "<group>"; };
		EFB69390211037BE00F402FC /* Info.plist */ = {isa = PBXFileReference; fileEncoding = 4; lastKnownFileType = text.plist.xml; path = Info.plist; sourceTree = "<group>"; };
		EFB69392211037BE00F402FC /* Assets.xcassets */ = {isa = PBXFileReference; lastKnownFileType = folder.assetcatalog; path = Assets.xcassets; sourceTree = "<group>"; };
		EFB69393211037BE00F402FC /* AppDelegate.swift */ = {isa = PBXFileReference; fileEncoding = 4; lastKnownFileType = sourcecode.swift; path = AppDelegate.swift; sourceTree = "<group>"; };
		FD66CF8421105A73003E0819 /* content.js */ = {isa = PBXFileReference; fileEncoding = 4; lastKnownFileType = sourcecode.javascript; name = content.js; path = ../../../Framework/Build/content.js; sourceTree = "<group>"; };
/* End PBXFileReference section */

/* Begin PBXFrameworksBuildPhase section */
		EF80A723210F281D002C6F3F /* Frameworks */ = {
			isa = PBXFrameworksBuildPhase;
			buildActionMask = 2147483647;
			files = (
			);
			runOnlyForDeploymentPostprocessing = 0;
		};
		EF80A733210F281F002C6F3F /* Frameworks */ = {
			isa = PBXFrameworksBuildPhase;
			buildActionMask = 2147483647;
			files = (
			);
			runOnlyForDeploymentPostprocessing = 0;
		};
		EF80A784210F2F55002C6F3F /* Frameworks */ = {
			isa = PBXFrameworksBuildPhase;
			buildActionMask = 2147483647;
			files = (
				EFA1C7E5210F3BE0008AC6BD /* Topee.framework in Frameworks */,
				EF80A78A210F2F55002C6F3F /* Cocoa.framework in Frameworks */,
			);
			runOnlyForDeploymentPostprocessing = 0;
		};
/* End PBXFrameworksBuildPhase section */

/* Begin PBXGroup section */
		EF80A71D210F281D002C6F3F = {
			isa = PBXGroup;
			children = (
				EFB69381211037BE00F402FC /* App */,
				EF80A78B210F2F55002C6F3F /* Appex */,
				EF80A788210F2F55002C6F3F /* Frameworks */,
				EF80A727210F281D002C6F3F /* Products */,
			);
			sourceTree = "<group>";
		};
		EF80A727210F281D002C6F3F /* Products */ = {
			isa = PBXGroup;
			children = (
				EF80A726210F281D002C6F3F /* Demo.app */,
				EF80A736210F281F002C6F3F /* DemoTests.xctest */,
				EF80A787210F2F55002C6F3F /* Appex.appex */,
			);
			name = Products;
			sourceTree = "<group>";
		};
		EF80A788210F2F55002C6F3F /* Frameworks */ = {
			isa = PBXGroup;
			children = (
				EFA1C7E4210F3BE0008AC6BD /* Topee.framework */,
				EF80A789210F2F55002C6F3F /* Cocoa.framework */,
			);
			name = Frameworks;
			sourceTree = "<group>";
		};
		EF80A78B210F2F55002C6F3F /* Appex */ = {
			isa = PBXGroup;
			children = (
				EF80A7A2210F3248002C6F3F /* Config */,
				FD66CF7D2110515E003E0819 /* Resources */,
				EF80A7A0210F3230002C6F3F /* Sources */,
				EF80A7A1210F323E002C6F3F /* Support */,
			);
			path = Appex;
			sourceTree = "<group>";
		};
		EF80A7A0210F3230002C6F3F /* Sources */ = {
			isa = PBXGroup;
			children = (
				EF80A78C210F2F55002C6F3F /* SafariExtensionHandler.swift */,
				EF80A78E210F2F55002C6F3F /* SafariExtensionViewController.swift */,
			);
			path = Sources;
			sourceTree = "<group>";
		};
		EF80A7A1210F323E002C6F3F /* Support */ = {
			isa = PBXGroup;
			children = (
				EF80A790210F2F55002C6F3F /* SafariExtensionViewController.xib */,
				EF80A793210F2F55002C6F3F /* Info.plist */,
				EF80A798210F2F55002C6F3F /* Appex.entitlements */,
			);
			path = Support;
			sourceTree = "<group>";
		};
		EF80A7A2210F3248002C6F3F /* Config */ = {
			isa = PBXGroup;
			children = (
				EF80A7A4210F3259002C6F3F /* Common.xcconfig */,
				EF80A7A6210F3259002C6F3F /* Debug.xcconfig */,
				EF80A7A5210F3259002C6F3F /* Release.xcconfig */,
			);
			path = Config;
			sourceTree = "<group>";
		};
		EFB69381211037BE00F402FC /* App */ = {
			isa = PBXGroup;
			children = (
				EFB69382211037BE00F402FC /* Config */,
				EFB69391211037BE00F402FC /* Sources */,
				EFB69389211037BE00F402FC /* Support */,
				EFB69387211037BE00F402FC /* Tests */,
			);
			path = App;
			sourceTree = "<group>";
		};
		EFB69382211037BE00F402FC /* Config */ = {
			isa = PBXGroup;
			children = (
				EFB69383211037BE00F402FC /* Common.xcconfig */,
				EFB69384211037BE00F402FC /* Debug.xcconfig */,
				EFB69385211037BE00F402FC /* Release.xcconfig */,
				EFB69386211037BE00F402FC /* Tests.xcconfig */,
			);
			path = Config;
			sourceTree = "<group>";
		};
		EFB69387211037BE00F402FC /* Tests */ = {
			isa = PBXGroup;
			children = (
				EFB69388211037BE00F402FC /* DemoTests.swift */,
			);
			path = Tests;
			sourceTree = "<group>";
		};
		EFB69389211037BE00F402FC /* Support */ = {
			isa = PBXGroup;
			children = (
				EFB6938C211037BE00F402FC /* Sources */,
				EFB6938A211037BE00F402FC /* Tests */,
			);
			path = Support;
			sourceTree = "<group>";
		};
		EFB6938A211037BE00F402FC /* Tests */ = {
			isa = PBXGroup;
			children = (
				EFB6938B211037BE00F402FC /* Info.plist */,
			);
			path = Tests;
			sourceTree = "<group>";
		};
		EFB6938C211037BE00F402FC /* Sources */ = {
			isa = PBXGroup;
			children = (
				EFB69392211037BE00F402FC /* Assets.xcassets */,
				EFB6938D211037BE00F402FC /* Demo.entitlements */,
				EFB69390211037BE00F402FC /* Info.plist */,
				EFB6938E211037BE00F402FC /* MainMenu.xib */,
			);
			path = Sources;
			sourceTree = "<group>";
		};
		EFB69391211037BE00F402FC /* Sources */ = {
			isa = PBXGroup;
			children = (
				EFB69393211037BE00F402FC /* AppDelegate.swift */,
			);
			path = Sources;
			sourceTree = "<group>";
		};
		FD66CF7D2110515E003E0819 /* Resources */ = {
			isa = PBXGroup;
			children = (
				FD66CF8421105A73003E0819 /* content.js */,
				EF80A796210F2F55002C6F3F /* ToolbarItemIcon.pdf */,
			);
			path = Resources;
			sourceTree = "<group>";
		};
/* End PBXGroup section */

/* Begin PBXNativeTarget section */
		EF80A725210F281D002C6F3F /* Demo */ = {
			isa = PBXNativeTarget;
			buildConfigurationList = EF80A73F210F281F002C6F3F /* Build configuration list for PBXNativeTarget "Demo" */;
			buildPhases = (
				EF80A722210F281D002C6F3F /* Sources */,
				EF80A723210F281D002C6F3F /* Frameworks */,
				EF80A724210F281D002C6F3F /* Resources */,
				EF80A79F210F2F55002C6F3F /* Embed App Extensions */,
			);
			buildRules = (
			);
			dependencies = (
				EF80A79A210F2F55002C6F3F /* PBXTargetDependency */,
			);
			name = Demo;
			productName = Demo;
			productReference = EF80A726210F281D002C6F3F /* Demo.app */;
			productType = "com.apple.product-type.application";
		};
		EF80A735210F281F002C6F3F /* DemoTests */ = {
			isa = PBXNativeTarget;
			buildConfigurationList = EF80A742210F281F002C6F3F /* Build configuration list for PBXNativeTarget "DemoTests" */;
			buildPhases = (
				EF80A732210F281F002C6F3F /* Sources */,
				EF80A733210F281F002C6F3F /* Frameworks */,
				EF80A734210F281F002C6F3F /* Resources */,
			);
			buildRules = (
			);
			dependencies = (
				EF80A738210F281F002C6F3F /* PBXTargetDependency */,
			);
			name = DemoTests;
			productName = DemoTests;
			productReference = EF80A736210F281F002C6F3F /* DemoTests.xctest */;
			productType = "com.apple.product-type.bundle.unit-test";
		};
		EF80A786210F2F55002C6F3F /* Appex */ = {
			isa = PBXNativeTarget;
			buildConfigurationList = EF80A79C210F2F55002C6F3F /* Build configuration list for PBXNativeTarget "Appex" */;
			buildPhases = (
				EF80A783210F2F55002C6F3F /* Sources */,
				EF80A784210F2F55002C6F3F /* Frameworks */,
				EF80A785210F2F55002C6F3F /* Resources */,
			);
			buildRules = (
			);
			dependencies = (
			);
			name = Appex;
			productName = Appex;
			productReference = EF80A787210F2F55002C6F3F /* Appex.appex */;
			productType = "com.apple.product-type.app-extension";
		};
/* End PBXNativeTarget section */

/* Begin PBXProject section */
		EF80A71E210F281D002C6F3F /* Project object */ = {
			isa = PBXProject;
			attributes = {
				LastSwiftUpdateCheck = 0940;
				LastUpgradeCheck = 0940;
				ORGANIZATIONNAME = Avast;
				TargetAttributes = {
					EF80A725210F281D002C6F3F = {
						CreatedOnToolsVersion = 9.4.1;
					};
					EF80A735210F281F002C6F3F = {
						CreatedOnToolsVersion = 9.4.1;
						TestTargetID = EF80A725210F281D002C6F3F;
					};
					EF80A786210F2F55002C6F3F = {
						CreatedOnToolsVersion = 9.4.1;
					};
				};
			};
			buildConfigurationList = EF80A721210F281D002C6F3F /* Build configuration list for PBXProject "Demo" */;
			compatibilityVersion = "Xcode 9.3";
			developmentRegion = en;
			hasScannedForEncodings = 0;
			knownRegions = (
				en,
				Base,
			);
			mainGroup = EF80A71D210F281D002C6F3F;
			productRefGroup = EF80A727210F281D002C6F3F /* Products */;
			projectDirPath = "";
			projectRoot = "";
			targets = (
				EF80A725210F281D002C6F3F /* Demo */,
				EF80A735210F281F002C6F3F /* DemoTests */,
				EF80A786210F2F55002C6F3F /* Appex */,
			);
		};
/* End PBXProject section */

/* Begin PBXResourcesBuildPhase section */
		EF80A724210F281D002C6F3F /* Resources */ = {
			isa = PBXResourcesBuildPhase;
			buildActionMask = 2147483647;
			files = (
				EFB6939C211037BF00F402FC /* Assets.xcassets in Resources */,
				EFB6939A211037BF00F402FC /* MainMenu.xib in Resources */,
			);
			runOnlyForDeploymentPostprocessing = 0;
		};
		EF80A734210F281F002C6F3F /* Resources */ = {
			isa = PBXResourcesBuildPhase;
			buildActionMask = 2147483647;
			files = (
			);
			runOnlyForDeploymentPostprocessing = 0;
		};
		EF80A785210F2F55002C6F3F /* Resources */ = {
			isa = PBXResourcesBuildPhase;
			buildActionMask = 2147483647;
			files = (
				FD66CF8521105A73003E0819 /* content.js in Resources */,
				EF80A797210F2F55002C6F3F /* ToolbarItemIcon.pdf in Resources */,
				EF80A792210F2F55002C6F3F /* SafariExtensionViewController.xib in Resources */,
			);
			runOnlyForDeploymentPostprocessing = 0;
		};
/* End PBXResourcesBuildPhase section */

/* Begin PBXSourcesBuildPhase section */
		EF80A722210F281D002C6F3F /* Sources */ = {
			isa = PBXSourcesBuildPhase;
			buildActionMask = 2147483647;
			files = (
				EFB6939D211037BF00F402FC /* AppDelegate.swift in Sources */,
			);
			runOnlyForDeploymentPostprocessing = 0;
		};
		EF80A732210F281F002C6F3F /* Sources */ = {
			isa = PBXSourcesBuildPhase;
			buildActionMask = 2147483647;
			files = (
				EFB6939E211038CC00F402FC /* DemoTests.swift in Sources */,
			);
			runOnlyForDeploymentPostprocessing = 0;
		};
		EF80A783210F2F55002C6F3F /* Sources */ = {
			isa = PBXSourcesBuildPhase;
			buildActionMask = 2147483647;
			files = (
				EF80A78F210F2F55002C6F3F /* SafariExtensionViewController.swift in Sources */,
				EF80A78D210F2F55002C6F3F /* SafariExtensionHandler.swift in Sources */,
			);
			runOnlyForDeploymentPostprocessing = 0;
		};
/* End PBXSourcesBuildPhase section */

/* Begin PBXTargetDependency section */
		EF80A738210F281F002C6F3F /* PBXTargetDependency */ = {
			isa = PBXTargetDependency;
			target = EF80A725210F281D002C6F3F /* Demo */;
			targetProxy = EF80A737210F281F002C6F3F /* PBXContainerItemProxy */;
		};
		EF80A79A210F2F55002C6F3F /* PBXTargetDependency */ = {
			isa = PBXTargetDependency;
			target = EF80A786210F2F55002C6F3F /* Appex */;
			targetProxy = EF80A799210F2F55002C6F3F /* PBXContainerItemProxy */;
		};
/* End PBXTargetDependency section */

/* Begin PBXVariantGroup section */
		EF80A790210F2F55002C6F3F /* SafariExtensionViewController.xib */ = {
			isa = PBXVariantGroup;
			children = (
				EF80A791210F2F55002C6F3F /* Base */,
			);
			name = SafariExtensionViewController.xib;
			sourceTree = "<group>";
		};
		EFB6938E211037BE00F402FC /* MainMenu.xib */ = {
			isa = PBXVariantGroup;
			children = (
				EFB6938F211037BE00F402FC /* Base */,
			);
			name = MainMenu.xib;
			sourceTree = "<group>";
		};
/* End PBXVariantGroup section */

/* Begin XCBuildConfiguration section */
		EF80A73D210F281F002C6F3F /* Debug */ = {
			isa = XCBuildConfiguration;
			buildSettings = {
			};
			name = Debug;
		};
		EF80A73E210F281F002C6F3F /* Release */ = {
			isa = XCBuildConfiguration;
			buildSettings = {
			};
			name = Release;
		};
		EF80A740210F281F002C6F3F /* Debug */ = {
			isa = XCBuildConfiguration;
			baseConfigurationReference = EFB69384211037BE00F402FC /* Debug.xcconfig */;
			buildSettings = {
			};
			name = Debug;
		};
		EF80A741210F281F002C6F3F /* Release */ = {
			isa = XCBuildConfiguration;
			baseConfigurationReference = EFB69385211037BE00F402FC /* Release.xcconfig */;
			buildSettings = {
			};
			name = Release;
		};
		EF80A743210F281F002C6F3F /* Debug */ = {
			isa = XCBuildConfiguration;
			baseConfigurationReference = EFB69386211037BE00F402FC /* Tests.xcconfig */;
			buildSettings = {
			};
			name = Debug;
		};
		EF80A744210F281F002C6F3F /* Release */ = {
			isa = XCBuildConfiguration;
			baseConfigurationReference = EFB69386211037BE00F402FC /* Tests.xcconfig */;
			buildSettings = {
			};
			name = Release;
		};
		EF80A79D210F2F55002C6F3F /* Debug */ = {
			isa = XCBuildConfiguration;
			baseConfigurationReference = EF80A7A6210F3259002C6F3F /* Debug.xcconfig */;
			buildSettings = {
			};
			name = Debug;
		};
		EF80A79E210F2F55002C6F3F /* Release */ = {
			isa = XCBuildConfiguration;
			baseConfigurationReference = EF80A7A5210F3259002C6F3F /* Release.xcconfig */;
			buildSettings = {
			};
			name = Release;
		};
/* End XCBuildConfiguration section */

/* Begin XCConfigurationList section */
		EF80A721210F281D002C6F3F /* Build configuration list for PBXProject "Demo" */ = {
			isa = XCConfigurationList;
			buildConfigurations = (
				EF80A73D210F281F002C6F3F /* Debug */,
				EF80A73E210F281F002C6F3F /* Release */,
			);
			defaultConfigurationIsVisible = 0;
			defaultConfigurationName = Release;
		};
		EF80A73F210F281F002C6F3F /* Build configuration list for PBXNativeTarget "Demo" */ = {
			isa = XCConfigurationList;
			buildConfigurations = (
				EF80A740210F281F002C6F3F /* Debug */,
				EF80A741210F281F002C6F3F /* Release */,
			);
			defaultConfigurationIsVisible = 0;
			defaultConfigurationName = Release;
		};
		EF80A742210F281F002C6F3F /* Build configuration list for PBXNativeTarget "DemoTests" */ = {
			isa = XCConfigurationList;
			buildConfigurations = (
				EF80A743210F281F002C6F3F /* Debug */,
				EF80A744210F281F002C6F3F /* Release */,
			);
			defaultConfigurationIsVisible = 0;
			defaultConfigurationName = Release;
		};
		EF80A79C210F2F55002C6F3F /* Build configuration list for PBXNativeTarget "Appex" */ = {
			isa = XCConfigurationList;
			buildConfigurations = (
				EF80A79D210F2F55002C6F3F /* Debug */,
				EF80A79E210F2F55002C6F3F /* Release */,
			);
			defaultConfigurationIsVisible = 0;
			defaultConfigurationName = Release;
		};
/* End XCConfigurationList section */
	};
	rootObject = EF80A71E210F281D002C6F3F /* Project object */;
}
