// !$*UTF8*$!
{
	archiveVersion = 1;
	classes = {
	};
	objectVersion = 50;
	objects = {

/* Begin PBXBuildFile section */
		EF80A765210F2B68002C6F3F /* Topee.framework in Frameworks */ = {isa = PBXBuildFile; fileRef = EF80A75B210F2B67002C6F3F /* Topee.framework */; };
		EF80A76A210F2B68002C6F3F /* TopeeTests.swift in Sources */ = {isa = PBXBuildFile; fileRef = EF80A769210F2B68002C6F3F /* TopeeTests.swift */; };
		EF80A76C210F2B68002C6F3F /* Topee.h in Headers */ = {isa = PBXBuildFile; fileRef = EF80A75E210F2B67002C6F3F /* Topee.h */; settings = {ATTRIBUTES = (Public, ); }; };
		EFF799BA2110868F00646663 /* TopeeSafariExtensionHandler.swift in Sources */ = {isa = PBXBuildFile; fileRef = EFF799B92110868F00646663 /* TopeeSafariExtensionHandler.swift */; };
		EFF799BC2110963600646663 /* SafariExtensionBridge.swift in Sources */ = {isa = PBXBuildFile; fileRef = EFF799BB2110963600646663 /* SafariExtensionBridge.swift */; };
		EFF799BE2110966A00646663 /* Message.swift in Sources */ = {isa = PBXBuildFile; fileRef = EFF799BD2110966A00646663 /* Message.swift */; };
		EFF799C32110ADBC00646663 /* WKUserScript.swift in Sources */ = {isa = PBXBuildFile; fileRef = EFF799C22110ADBC00646663 /* WKUserScript.swift */; };
		EFF799C52110ADDE00646663 /* WKWebView.swift in Sources */ = {isa = PBXBuildFile; fileRef = EFF799C42110ADDE00646663 /* WKWebView.swift */; };
		EFF799CB2110B0A100646663 /* runtime.js in Resources */ = {isa = PBXBuildFile; fileRef = EFF799C92110B0A100646663 /* runtime.js */; };
		EFF799CC2110B0A100646663 /* index.js in Resources */ = {isa = PBXBuildFile; fileRef = EFF799CA2110B0A100646663 /* index.js */; };
		EFF799CE2110B0A600646663 /* tabInfo.js in Resources */ = {isa = PBXBuildFile; fileRef = EFF799CD2110B0A600646663 /* tabInfo.js */; };
/* End PBXBuildFile section */

/* Begin PBXContainerItemProxy section */
		EF80A766210F2B68002C6F3F /* PBXContainerItemProxy */ = {
			isa = PBXContainerItemProxy;
			containerPortal = EF80A752210F2B67002C6F3F /* Project object */;
			proxyType = 1;
			remoteGlobalIDString = EF80A75A210F2B67002C6F3F;
			remoteInfo = Topee;
		};
/* End PBXContainerItemProxy section */

/* Begin PBXFileReference section */
		EF80A75B210F2B67002C6F3F /* Topee.framework */ = {isa = PBXFileReference; explicitFileType = wrapper.framework; includeInIndex = 0; path = Topee.framework; sourceTree = BUILT_PRODUCTS_DIR; };
		EF80A75E210F2B67002C6F3F /* Topee.h */ = {isa = PBXFileReference; lastKnownFileType = sourcecode.c.h; path = Topee.h; sourceTree = "<group>"; };
		EF80A75F210F2B67002C6F3F /* Info.plist */ = {isa = PBXFileReference; lastKnownFileType = text.plist.xml; path = Info.plist; sourceTree = "<group>"; };
		EF80A764210F2B68002C6F3F /* TopeeTests.xctest */ = {isa = PBXFileReference; explicitFileType = wrapper.cfbundle; includeInIndex = 0; path = TopeeTests.xctest; sourceTree = BUILT_PRODUCTS_DIR; };
		EF80A769210F2B68002C6F3F /* TopeeTests.swift */ = {isa = PBXFileReference; lastKnownFileType = sourcecode.swift; path = TopeeTests.swift; sourceTree = "<group>"; };
		EF80A76B210F2B68002C6F3F /* Info.plist */ = {isa = PBXFileReference; lastKnownFileType = text.plist.xml; path = Info.plist; sourceTree = "<group>"; };
		EF80A77B210F2C37002C6F3F /* Debug.xcconfig */ = {isa = PBXFileReference; fileEncoding = 4; lastKnownFileType = text.xcconfig; path = Debug.xcconfig; sourceTree = "<group>"; };
		EF80A77C210F2C37002C6F3F /* Release.xcconfig */ = {isa = PBXFileReference; fileEncoding = 4; lastKnownFileType = text.xcconfig; path = Release.xcconfig; sourceTree = "<group>"; };
		EF80A77D210F2C37002C6F3F /* Tests.xcconfig */ = {isa = PBXFileReference; fileEncoding = 4; lastKnownFileType = text.xcconfig; path = Tests.xcconfig; sourceTree = "<group>"; };
		EF80A77E210F2C37002C6F3F /* Common.xcconfig */ = {isa = PBXFileReference; fileEncoding = 4; lastKnownFileType = text.xcconfig; path = Common.xcconfig; sourceTree = "<group>"; };
		EFF799B92110868F00646663 /* TopeeSafariExtensionHandler.swift */ = {isa = PBXFileReference; lastKnownFileType = sourcecode.swift; path = TopeeSafariExtensionHandler.swift; sourceTree = "<group>"; };
		EFF799BB2110963600646663 /* SafariExtensionBridge.swift */ = {isa = PBXFileReference; lastKnownFileType = sourcecode.swift; path = SafariExtensionBridge.swift; sourceTree = "<group>"; };
		EFF799BD2110966A00646663 /* Message.swift */ = {isa = PBXFileReference; lastKnownFileType = sourcecode.swift; path = Message.swift; sourceTree = "<group>"; };
		EFF799C22110ADBC00646663 /* WKUserScript.swift */ = {isa = PBXFileReference; lastKnownFileType = sourcecode.swift; path = WKUserScript.swift; sourceTree = "<group>"; };
		EFF799C42110ADDE00646663 /* WKWebView.swift */ = {isa = PBXFileReference; lastKnownFileType = sourcecode.swift; path = WKWebView.swift; sourceTree = "<group>"; };
		EFF799C92110B0A100646663 /* runtime.js */ = {isa = PBXFileReference; fileEncoding = 4; lastKnownFileType = sourcecode.javascript; path = runtime.js; sourceTree = "<group>"; };
		EFF799CA2110B0A100646663 /* index.js */ = {isa = PBXFileReference; fileEncoding = 4; lastKnownFileType = sourcecode.javascript; path = index.js; sourceTree = "<group>"; };
		EFF799CD2110B0A600646663 /* tabInfo.js */ = {isa = PBXFileReference; fileEncoding = 4; lastKnownFileType = sourcecode.javascript; path = tabInfo.js; sourceTree = "<group>"; };
		FD66CF81211053CE003E0819 /* script.js */ = {isa = PBXFileReference; fileEncoding = 4; lastKnownFileType = sourcecode.javascript; path = script.js; sourceTree = "<group>"; };
/* End PBXFileReference section */

/* Begin PBXFrameworksBuildPhase section */
		EF80A757210F2B67002C6F3F /* Frameworks */ = {
			isa = PBXFrameworksBuildPhase;
			buildActionMask = 2147483647;
			files = (
			);
			runOnlyForDeploymentPostprocessing = 0;
		};
		EF80A761210F2B68002C6F3F /* Frameworks */ = {
			isa = PBXFrameworksBuildPhase;
			buildActionMask = 2147483647;
			files = (
				EF80A765210F2B68002C6F3F /* Topee.framework in Frameworks */,
			);
			runOnlyForDeploymentPostprocessing = 0;
		};
/* End PBXFrameworksBuildPhase section */

/* Begin PBXGroup section */
		EF80A751210F2B67002C6F3F = {
			isa = PBXGroup;
			children = (
				EF80A77A210F2C1E002C6F3F /* Config */,
				EF80A75C210F2B67002C6F3F /* Products */,
				EF80A75D210F2B67002C6F3F /* Sources */,
				EF80A775210F2BC3002C6F3F /* Support */,
				EF80A768210F2B68002C6F3F /* Tests */,
			);
			sourceTree = "<group>";
		};
		EF80A75C210F2B67002C6F3F /* Products */ = {
			isa = PBXGroup;
			children = (
				EF80A75B210F2B67002C6F3F /* Topee.framework */,
				EF80A764210F2B68002C6F3F /* TopeeTests.xctest */,
			);
			name = Products;
			sourceTree = "<group>";
		};
		EF80A75D210F2B67002C6F3F /* Sources */ = {
			isa = PBXGroup;
			children = (
				FD66CF7F211052B5003E0819 /* JavaScript */,
				FD66CF7E211052AE003E0819 /* Swift */,
			);
			path = Sources;
			sourceTree = "<group>";
		};
		EF80A768210F2B68002C6F3F /* Tests */ = {
			isa = PBXGroup;
			children = (
				EF80A769210F2B68002C6F3F /* TopeeTests.swift */,
			);
			path = Tests;
			sourceTree = "<group>";
		};
		EF80A775210F2BC3002C6F3F /* Support */ = {
			isa = PBXGroup;
			children = (
				EF80A779210F2C0F002C6F3F /* Tests */,
				EF80A778210F2C07002C6F3F /* Sources */,
			);
			path = Support;
			sourceTree = "<group>";
		};
		EF80A778210F2C07002C6F3F /* Sources */ = {
			isa = PBXGroup;
			children = (
				EF80A75E210F2B67002C6F3F /* Topee.h */,
				EF80A75F210F2B67002C6F3F /* Info.plist */,
			);
			path = Sources;
			sourceTree = "<group>";
		};
		EF80A779210F2C0F002C6F3F /* Tests */ = {
			isa = PBXGroup;
			children = (
				EF80A76B210F2B68002C6F3F /* Info.plist */,
			);
			path = Tests;
			sourceTree = "<group>";
		};
		EF80A77A210F2C1E002C6F3F /* Config */ = {
			isa = PBXGroup;
			children = (
				EF80A77E210F2C37002C6F3F /* Common.xcconfig */,
				EF80A77B210F2C37002C6F3F /* Debug.xcconfig */,
				EF80A77C210F2C37002C6F3F /* Release.xcconfig */,
				EF80A77D210F2C37002C6F3F /* Tests.xcconfig */,
			);
			path = Config;
			sourceTree = "<group>";
		};
		EFF799C12110ADAB00646663 /* Extensions */ = {
			isa = PBXGroup;
			children = (
				EFF799C22110ADBC00646663 /* WKUserScript.swift */,
				EFF799C42110ADDE00646663 /* WKWebView.swift */,
			);
			path = Extensions;
			sourceTree = "<group>";
		};
		EFF799C82110B0A100646663 /* chrome */ = {
			isa = PBXGroup;
			children = (
				EFF799C92110B0A100646663 /* runtime.js */,
				EFF799CA2110B0A100646663 /* index.js */,
			);
			path = chrome;
			sourceTree = "<group>";
		};
		FD66CF7E211052AE003E0819 /* Swift */ = {
			isa = PBXGroup;
			children = (
				EFF799C12110ADAB00646663 /* Extensions */,
				EFF799BD2110966A00646663 /* Message.swift */,
				EFF799BB2110963600646663 /* SafariExtensionBridge.swift */,
				EFF799B92110868F00646663 /* TopeeSafariExtensionHandler.swift */,
			);
			path = Swift;
			sourceTree = "<group>";
		};
		FD66CF7F211052B5003E0819 /* JavaScript */ = {
			isa = PBXGroup;
			children = (
				FD66CF83211053D5003E0819 /* Content */,
			);
			path = JavaScript;
			sourceTree = "<group>";
		};
		FD66CF83211053D5003E0819 /* Content */ = {
			isa = PBXGroup;
			children = (
				EFF799C82110B0A100646663 /* chrome */,
				FD66CF81211053CE003E0819 /* script.js */,
				EFF799CD2110B0A600646663 /* tabInfo.js */,
			);
			path = Content;
			sourceTree = "<group>";
		};
/* End PBXGroup section */

/* Begin PBXHeadersBuildPhase section */
		EF80A758210F2B67002C6F3F /* Headers */ = {
			isa = PBXHeadersBuildPhase;
			buildActionMask = 2147483647;
			files = (
				EF80A76C210F2B68002C6F3F /* Topee.h in Headers */,
			);
			runOnlyForDeploymentPostprocessing = 0;
		};
/* End PBXHeadersBuildPhase section */

/* Begin PBXNativeTarget section */
		EF80A75A210F2B67002C6F3F /* Topee */ = {
			isa = PBXNativeTarget;
			buildConfigurationList = EF80A76F210F2B68002C6F3F /* Build configuration list for PBXNativeTarget "Topee" */;
			buildPhases = (
				EF80A756210F2B67002C6F3F /* Sources */,
				EF80A757210F2B67002C6F3F /* Frameworks */,
				EF80A758210F2B67002C6F3F /* Headers */,
				EF80A759210F2B67002C6F3F /* Resources */,
				FD66CF80211052F0003E0819 /* Bundle Content Script */,
			);
			buildRules = (
			);
			dependencies = (
			);
			name = Topee;
			productName = Topee;
			productReference = EF80A75B210F2B67002C6F3F /* Topee.framework */;
			productType = "com.apple.product-type.framework";
		};
		EF80A763210F2B68002C6F3F /* TopeeTests */ = {
			isa = PBXNativeTarget;
			buildConfigurationList = EF80A772210F2B68002C6F3F /* Build configuration list for PBXNativeTarget "TopeeTests" */;
			buildPhases = (
				EF80A760210F2B68002C6F3F /* Sources */,
				EF80A761210F2B68002C6F3F /* Frameworks */,
				EF80A762210F2B68002C6F3F /* Resources */,
			);
			buildRules = (
			);
			dependencies = (
				EF80A767210F2B68002C6F3F /* PBXTargetDependency */,
			);
			name = TopeeTests;
			productName = TopeeTests;
			productReference = EF80A764210F2B68002C6F3F /* TopeeTests.xctest */;
			productType = "com.apple.product-type.bundle.unit-test";
		};
/* End PBXNativeTarget section */

/* Begin PBXProject section */
		EF80A752210F2B67002C6F3F /* Project object */ = {
			isa = PBXProject;
			attributes = {
				LastSwiftUpdateCheck = 0940;
				LastUpgradeCheck = 0940;
				ORGANIZATIONNAME = Avast;
				TargetAttributes = {
					EF80A75A210F2B67002C6F3F = {
						CreatedOnToolsVersion = 9.4.1;
						LastSwiftMigration = 0940;
					};
					EF80A763210F2B68002C6F3F = {
						CreatedOnToolsVersion = 9.4.1;
					};
				};
			};
			buildConfigurationList = EF80A755210F2B67002C6F3F /* Build configuration list for PBXProject "Framework" */;
			compatibilityVersion = "Xcode 9.3";
			developmentRegion = en;
			hasScannedForEncodings = 0;
			knownRegions = (
				en,
			);
			mainGroup = EF80A751210F2B67002C6F3F;
			productRefGroup = EF80A75C210F2B67002C6F3F /* Products */;
			projectDirPath = "";
			projectRoot = "";
			targets = (
				EF80A75A210F2B67002C6F3F /* Topee */,
				EF80A763210F2B68002C6F3F /* TopeeTests */,
			);
		};
/* End PBXProject section */

/* Begin PBXResourcesBuildPhase section */
		EF80A759210F2B67002C6F3F /* Resources */ = {
			isa = PBXResourcesBuildPhase;
			buildActionMask = 2147483647;
			files = (
				EFF799CE2110B0A600646663 /* tabInfo.js in Resources */,
				EFF799CB2110B0A100646663 /* runtime.js in Resources */,
				EFF799CC2110B0A100646663 /* index.js in Resources */,
			);
			runOnlyForDeploymentPostprocessing = 0;
		};
		EF80A762210F2B68002C6F3F /* Resources */ = {
			isa = PBXResourcesBuildPhase;
			buildActionMask = 2147483647;
			files = (
			);
			runOnlyForDeploymentPostprocessing = 0;
		};
/* End PBXResourcesBuildPhase section */

/* Begin PBXShellScriptBuildPhase section */
		FD66CF80211052F0003E0819 /* Bundle Content Script */ = {
			isa = PBXShellScriptBuildPhase;
			buildActionMask = 2147483647;
			files = (
			);
			inputPaths = (
			);
			name = "Bundle Content Script";
			outputPaths = (
			);
			runOnlyForDeploymentPostprocessing = 0;
			shellPath = /bin/sh;
			shellScript = "make -C \"$SRCROOT/Sources/JavaScript\" build\n";
		};
/* End PBXShellScriptBuildPhase section */

/* Begin PBXSourcesBuildPhase section */
		EF80A756210F2B67002C6F3F /* Sources */ = {
			isa = PBXSourcesBuildPhase;
			buildActionMask = 2147483647;
			files = (
				EFF799BE2110966A00646663 /* Message.swift in Sources */,
				EFF799BC2110963600646663 /* SafariExtensionBridge.swift in Sources */,
				EFF799C52110ADDE00646663 /* WKWebView.swift in Sources */,
				EFF799C32110ADBC00646663 /* WKUserScript.swift in Sources */,
				EFF799BA2110868F00646663 /* TopeeSafariExtensionHandler.swift in Sources */,
			);
			runOnlyForDeploymentPostprocessing = 0;
		};
		EF80A760210F2B68002C6F3F /* Sources */ = {
			isa = PBXSourcesBuildPhase;
			buildActionMask = 2147483647;
			files = (
				EF80A76A210F2B68002C6F3F /* TopeeTests.swift in Sources */,
			);
			runOnlyForDeploymentPostprocessing = 0;
		};
/* End PBXSourcesBuildPhase section */

/* Begin PBXTargetDependency section */
		EF80A767210F2B68002C6F3F /* PBXTargetDependency */ = {
			isa = PBXTargetDependency;
			target = EF80A75A210F2B67002C6F3F /* Topee */;
			targetProxy = EF80A766210F2B68002C6F3F /* PBXContainerItemProxy */;
		};
/* End PBXTargetDependency section */

/* Begin XCBuildConfiguration section */
		EF80A76D210F2B68002C6F3F /* Debug */ = {
			isa = XCBuildConfiguration;
			buildSettings = {
			};
			name = Debug;
		};
		EF80A76E210F2B68002C6F3F /* Release */ = {
			isa = XCBuildConfiguration;
			buildSettings = {
			};
			name = Release;
		};
		EF80A770210F2B68002C6F3F /* Debug */ = {
			isa = XCBuildConfiguration;
			baseConfigurationReference = EF80A77B210F2C37002C6F3F /* Debug.xcconfig */;
			buildSettings = {
			};
			name = Debug;
		};
		EF80A771210F2B68002C6F3F /* Release */ = {
			isa = XCBuildConfiguration;
			baseConfigurationReference = EF80A77C210F2C37002C6F3F /* Release.xcconfig */;
			buildSettings = {
			};
			name = Release;
		};
		EF80A773210F2B68002C6F3F /* Debug */ = {
			isa = XCBuildConfiguration;
			baseConfigurationReference = EF80A77D210F2C37002C6F3F /* Tests.xcconfig */;
			buildSettings = {
			};
			name = Debug;
		};
		EF80A774210F2B68002C6F3F /* Release */ = {
			isa = XCBuildConfiguration;
			baseConfigurationReference = EF80A77D210F2C37002C6F3F /* Tests.xcconfig */;
			buildSettings = {
			};
			name = Release;
		};
/* End XCBuildConfiguration section */

/* Begin XCConfigurationList section */
		EF80A755210F2B67002C6F3F /* Build configuration list for PBXProject "Framework" */ = {
			isa = XCConfigurationList;
			buildConfigurations = (
				EF80A76D210F2B68002C6F3F /* Debug */,
				EF80A76E210F2B68002C6F3F /* Release */,
			);
			defaultConfigurationIsVisible = 0;
			defaultConfigurationName = Release;
		};
		EF80A76F210F2B68002C6F3F /* Build configuration list for PBXNativeTarget "Topee" */ = {
			isa = XCConfigurationList;
			buildConfigurations = (
				EF80A770210F2B68002C6F3F /* Debug */,
				EF80A771210F2B68002C6F3F /* Release */,
			);
			defaultConfigurationIsVisible = 0;
			defaultConfigurationName = Release;
		};
		EF80A772210F2B68002C6F3F /* Build configuration list for PBXNativeTarget "TopeeTests" */ = {
			isa = XCConfigurationList;
			buildConfigurations = (
				EF80A773210F2B68002C6F3F /* Debug */,
				EF80A774210F2B68002C6F3F /* Release */,
			);
			defaultConfigurationIsVisible = 0;
			defaultConfigurationName = Release;
		};
/* End XCConfigurationList section */
	};
	rootObject = EF80A752210F2B67002C6F3F /* Project object */;
}
